
Microsoft Visual Studio Solution File, Format Version 12.00
# Visual Studio Version 17
VisualStudioVersion = 17.0.32014.148
MinimumVisualStudioVersion = 10.0.40219.1
Project("{FAE04EC0-301F-11D3-BF4B-00C04F79EFBC}") = "GenericProgramsProject", "GenericProgramsProject\GenericProgramsProject.csproj", "{7E11F126-86E1-4902-8EA9-2CCADF53540F}"
EndProject
Global
	GlobalSection(SolutionConfigurationPlatforms) = preSolution
		Debug|Any CPU = Debug|Any CPU
		Release|Any CPU = Release|Any CPU
	EndGlobalSection
	GlobalSection(ProjectConfigurationPlatforms) = postSolution
		{7E11F126-86E1-4902-8EA9-2CCADF53540F}.Debug|Any CPU.ActiveCfg = Debug|Any CPU
		{7E11F126-86E1-4902-8EA9-2CCADF53540F}.Debug|Any CPU.Build.0 = Debug|Any CPU
		{7E11F126-86E1-4902-8EA9-2CCADF53540F}.Release|Any CPU.ActiveCfg = Release|Any CPU
		{7E11F126-86E1-4902-8EA9-2CCADF53540F}.Release|Any CPU.Build.0 = Release|Any CPU
	EndGlobalSection
	GlobalSection(SolutionProperties) = preSolution
		HideSolutionNode = FALSE
	EndGlobalSection
	GlobalSection(ExtensibilityGlobals) = postSolution
		SolutionGuid = {39C5B737-F565-4B77-8C40-6754B13489E2}
	EndGlobalSection
EndGlobal
